
Microsoft Visual Studio Solution File, Format Version 12.00
# Visual Studio Version 17
VisualStudioVersion = 17.8.34511.84
MinimumVisualStudioVersion = 10.0.40219.1
Project("{9A19103F-16F7-4668-BE54-9A1E7A4F7556}") = "IMDbTop50", "IMDbTop50\IMDbTop50.csproj", "{224CDA6C-BEB3-4798-AF2C-59F36755B7C2}"
EndProject
Project("{9A19103F-16F7-4668-BE54-9A1E7A4F7556}") = "R&D Store", "R&D Store\R&D Store.csproj", "{F65BD610-DAF4-41EA-A0D4-BDDF17E98BBB}"
EndProject
Project("{9A19103F-16F7-4668-BE54-9A1E7A4F7556}") = "CSProjeDemo1", "CSProjeDemo1\CSProjeDemo1.csproj", "{1A1CE892-589A-4A3E-A1D0-A2D8B80A1271}"
EndProject
Project("{FAE04EC0-301F-11D3-BF4B-00C04F79EFBC}") = "CSProjeDemo2", "CSProjeDemo2\CSProjeDemo2.csproj", "{A5B2912F-719E-4780-B389-25B67BC07B41}"
EndProject
Global
	GlobalSection(SolutionConfigurationPlatforms) = preSolution
		Debug|Any CPU = Debug|Any CPU
		Release|Any CPU = Release|Any CPU
	EndGlobalSection
	GlobalSection(ProjectConfigurationPlatforms) = postSolution
		{224CDA6C-BEB3-4798-AF2C-59F36755B7C2}.Debug|Any CPU.ActiveCfg = Debug|Any CPU
		{224CDA6C-BEB3-4798-AF2C-59F36755B7C2}.Debug|Any CPU.Build.0 = Debug|Any CPU
		{224CDA6C-BEB3-4798-AF2C-59F36755B7C2}.Release|Any CPU.ActiveCfg = Release|Any CPU
		{224CDA6C-BEB3-4798-AF2C-59F36755B7C2}.Release|Any CPU.Build.0 = Release|Any CPU
		{F65BD610-DAF4-41EA-A0D4-BDDF17E98BBB}.Debug|Any CPU.ActiveCfg = Debug|Any CPU
		{F65BD610-DAF4-41EA-A0D4-BDDF17E98BBB}.Debug|Any CPU.Build.0 = Debug|Any CPU
		{F65BD610-DAF4-41EA-A0D4-BDDF17E98BBB}.Release|Any CPU.ActiveCfg = Release|Any CPU
		{F65BD610-DAF4-41EA-A0D4-BDDF17E98BBB}.Release|Any CPU.Build.0 = Release|Any CPU
		{1A1CE892-589A-4A3E-A1D0-A2D8B80A1271}.Debug|Any CPU.ActiveCfg = Debug|Any CPU
		{1A1CE892-589A-4A3E-A1D0-A2D8B80A1271}.Debug|Any CPU.Build.0 = Debug|Any CPU
		{1A1CE892-589A-4A3E-A1D0-A2D8B80A1271}.Release|Any CPU.ActiveCfg = Release|Any CPU
		{1A1CE892-589A-4A3E-A1D0-A2D8B80A1271}.Release|Any CPU.Build.0 = Release|Any CPU
		{A5B2912F-719E-4780-B389-25B67BC07B41}.Debug|Any CPU.ActiveCfg = Debug|Any CPU
		{A5B2912F-719E-4780-B389-25B67BC07B41}.Debug|Any CPU.Build.0 = Debug|Any CPU
		{A5B2912F-719E-4780-B389-25B67BC07B41}.Release|Any CPU.ActiveCfg = Release|Any CPU
		{A5B2912F-719E-4780-B389-25B67BC07B41}.Release|Any CPU.Build.0 = Release|Any CPU
	EndGlobalSection
	GlobalSection(SolutionProperties) = preSolution
		HideSolutionNode = FALSE
	EndGlobalSection
	GlobalSection(ExtensibilityGlobals) = postSolution
		SolutionGuid = {BEBCFC40-9B6B-465E-935B-E1A9C3B83C33}
	EndGlobalSection
EndGlobal
